// !$*UTF8*$!
{
	archiveVersion = 1;
	classes = {
	};
	objectVersion = 50;
	objects = {

/* Begin PBXBuildFile section */
		56290FAD215E62F300FB34C6 /* AppDelegate.swift in Sources */ = {isa = PBXBuildFile; fileRef = 56290FAC215E62F300FB34C6 /* AppDelegate.swift */; };
		56290FB4215E62F600FB34C6 /* Assets.xcassets in Resources */ = {isa = PBXBuildFile; fileRef = 56290FB3215E62F600FB34C6 /* Assets.xcassets */; };
		56290FB7215E62F600FB34C6 /* LaunchScreen.storyboard in Resources */ = {isa = PBXBuildFile; fileRef = 56290FB5215E62F600FB34C6 /* LaunchScreen.storyboard */; };
		56290FC2215E62F600FB34C6 /* FlickrSearchAppTests.swift in Sources */ = {isa = PBXBuildFile; fileRef = 56290FC1215E62F600FB34C6 /* FlickrSearchAppTests.swift */; };
		56290FCD215E62F600FB34C6 /* FlickrSearchAppUITests.swift in Sources */ = {isa = PBXBuildFile; fileRef = 56290FCC215E62F600FB34C6 /* FlickrSearchAppUITests.swift */; };
		56290FE3215E6B2800FB34C6 /* FlickrSearchViewController.swift in Sources */ = {isa = PBXBuildFile; fileRef = 56290FE2215E6B2800FB34C6 /* FlickrSearchViewController.swift */; };
		56290FE5215E6B3D00FB34C6 /* FlickrSearchPresenter.swift in Sources */ = {isa = PBXBuildFile; fileRef = 56290FE4215E6B3D00FB34C6 /* FlickrSearchPresenter.swift */; };
		56290FE7215E6B5100FB34C6 /* FlickrSearchInteractor.swift in Sources */ = {isa = PBXBuildFile; fileRef = 56290FE6215E6B5100FB34C6 /* FlickrSearchInteractor.swift */; };
		56290FE9215E6B6100FB34C6 /* FlickrSearchProtocols.swift in Sources */ = {isa = PBXBuildFile; fileRef = 56290FE8215E6B6100FB34C6 /* FlickrSearchProtocols.swift */; };
		56290FEB215E6B7D00FB34C6 /* FlickrSearchModuleBuilder.swift in Sources */ = {isa = PBXBuildFile; fileRef = 56290FEA215E6B7D00FB34C6 /* FlickrSearchModuleBuilder.swift */; };
		56290FED215E6F2600FB34C6 /* AppCoordinator.swift in Sources */ = {isa = PBXBuildFile; fileRef = 56290FEC215E6F2600FB34C6 /* AppCoordinator.swift */; };
		56290FF1215E8EE300FB34C6 /* FlickrSearchDataSource.swift in Sources */ = {isa = PBXBuildFile; fileRef = 56290FF0215E8EE300FB34C6 /* FlickrSearchDataSource.swift */; };
		564BD76E2163A4A9004DCFF1 /* FlickrImageCell.swift in Sources */ = {isa = PBXBuildFile; fileRef = 564BD76D2163A4A9004DCFF1 /* FlickrImageCell.swift */; };
		564BD7712163AE08004DCFF1 /* UIView+Extensions.swift in Sources */ = {isa = PBXBuildFile; fileRef = 564BD7702163AE07004DCFF1 /* UIView+Extensions.swift */; };
		564BD7732163BCE6004DCFF1 /* Constants.swift in Sources */ = {isa = PBXBuildFile; fileRef = 564BD7722163BCE6004DCFF1 /* Constants.swift */; };
		564BD7752163CA84004DCFF1 /* NetworkAPIClient.swift in Sources */ = {isa = PBXBuildFile; fileRef = 564BD7742163CA84004DCFF1 /* NetworkAPIClient.swift */; };
		564BD7772163CABA004DCFF1 /* NetworkError.swift in Sources */ = {isa = PBXBuildFile; fileRef = 564BD7762163CABA004DCFF1 /* NetworkError.swift */; };
		564BD7792163CAF7004DCFF1 /* APIEndPoint.swift in Sources */ = {isa = PBXBuildFile; fileRef = 564BD7782163CAF7004DCFF1 /* APIEndPoint.swift */; };
		564BD77B2163CB25004DCFF1 /* FlickrSearchAPI.swift in Sources */ = {isa = PBXBuildFile; fileRef = 564BD77A2163CB25004DCFF1 /* FlickrSearchAPI.swift */; };
		564BD77D2163CB95004DCFF1 /* URLRequestConvertible.swift in Sources */ = {isa = PBXBuildFile; fileRef = 564BD77C2163CB95004DCFF1 /* URLRequestConvertible.swift */; };
		564BD77F21646E47004DCFF1 /* FlickrPhotos.swift in Sources */ = {isa = PBXBuildFile; fileRef = 564BD77E21646E47004DCFF1 /* FlickrPhotos.swift */; };
		564BD78121646E66004DCFF1 /* FlickrPhoto.swift in Sources */ = {isa = PBXBuildFile; fileRef = 564BD78021646E66004DCFF1 /* FlickrPhoto.swift */; };
		564BD78321646F8A004DCFF1 /* FlickrSearchViewModel.swift in Sources */ = {isa = PBXBuildFile; fileRef = 564BD78221646F8A004DCFF1 /* FlickrSearchViewModel.swift */; };
		564E18092165AE0C000DD4F4 /* UIViewController+Extensions.swift in Sources */ = {isa = PBXBuildFile; fileRef = 564E18082165AE0C000DD4F4 /* UIViewController+Extensions.swift */; };
		564E180C2165E30A000DD4F4 /* ImageDownloader.swift in Sources */ = {isa = PBXBuildFile; fileRef = 564E180B2165E30A000DD4F4 /* ImageDownloader.swift */; };
		564E180E21674C23000DD4F4 /* ImageOperation.swift in Sources */ = {isa = PBXBuildFile; fileRef = 564E180D21674C23000DD4F4 /* ImageOperation.swift */; };
/* End PBXBuildFile section */

/* Begin PBXContainerItemProxy section */
		56290FBE215E62F600FB34C6 /* PBXContainerItemProxy */ = {
			isa = PBXContainerItemProxy;
			containerPortal = 56290FA1215E62F300FB34C6 /* Project object */;
			proxyType = 1;
			remoteGlobalIDString = 56290FA8215E62F300FB34C6;
			remoteInfo = FlickrSearchApp;
		};
		56290FC9215E62F600FB34C6 /* PBXContainerItemProxy */ = {
			isa = PBXContainerItemProxy;
			containerPortal = 56290FA1215E62F300FB34C6 /* Project object */;
			proxyType = 1;
			remoteGlobalIDString = 56290FA8215E62F300FB34C6;
			remoteInfo = FlickrSearchApp;
		};
/* End PBXContainerItemProxy section */

/* Begin PBXFileReference section */
		56290FA9215E62F300FB34C6 /* FlickrSearchApp.app */ = {isa = PBXFileReference; explicitFileType = wrapper.application; includeInIndex = 0; path = FlickrSearchApp.app; sourceTree = BUILT_PRODUCTS_DIR; };
		56290FAC215E62F300FB34C6 /* AppDelegate.swift */ = {isa = PBXFileReference; lastKnownFileType = sourcecode.swift; path = AppDelegate.swift; sourceTree = "<group>"; };
		56290FB3215E62F600FB34C6 /* Assets.xcassets */ = {isa = PBXFileReference; lastKnownFileType = folder.assetcatalog; path = Assets.xcassets; sourceTree = "<group>"; };
		56290FB6215E62F600FB34C6 /* Base */ = {isa = PBXFileReference; lastKnownFileType = file.storyboard; name = Base; path = Base.lproj/LaunchScreen.storyboard; sourceTree = "<group>"; };
		56290FB8215E62F600FB34C6 /* Info.plist */ = {isa = PBXFileReference; lastKnownFileType = text.plist.xml; path = Info.plist; sourceTree = "<group>"; };
		56290FBD215E62F600FB34C6 /* FlickrSearchAppTests.xctest */ = {isa = PBXFileReference; explicitFileType = wrapper.cfbundle; includeInIndex = 0; path = FlickrSearchAppTests.xctest; sourceTree = BUILT_PRODUCTS_DIR; };
		56290FC1215E62F600FB34C6 /* FlickrSearchAppTests.swift */ = {isa = PBXFileReference; lastKnownFileType = sourcecode.swift; path = FlickrSearchAppTests.swift; sourceTree = "<group>"; };
		56290FC3215E62F600FB34C6 /* Info.plist */ = {isa = PBXFileReference; lastKnownFileType = text.plist.xml; path = Info.plist; sourceTree = "<group>"; };
		56290FC8215E62F600FB34C6 /* FlickrSearchAppUITests.xctest */ = {isa = PBXFileReference; explicitFileType = wrapper.cfbundle; includeInIndex = 0; path = FlickrSearchAppUITests.xctest; sourceTree = BUILT_PRODUCTS_DIR; };
		56290FCC215E62F600FB34C6 /* FlickrSearchAppUITests.swift */ = {isa = PBXFileReference; lastKnownFileType = sourcecode.swift; path = FlickrSearchAppUITests.swift; sourceTree = "<group>"; };
		56290FCE215E62F600FB34C6 /* Info.plist */ = {isa = PBXFileReference; lastKnownFileType = text.plist.xml; path = Info.plist; sourceTree = "<group>"; };
		56290FE2215E6B2800FB34C6 /* FlickrSearchViewController.swift */ = {isa = PBXFileReference; lastKnownFileType = sourcecode.swift; path = FlickrSearchViewController.swift; sourceTree = "<group>"; };
		56290FE4215E6B3D00FB34C6 /* FlickrSearchPresenter.swift */ = {isa = PBXFileReference; lastKnownFileType = sourcecode.swift; path = FlickrSearchPresenter.swift; sourceTree = "<group>"; };
		56290FE6215E6B5100FB34C6 /* FlickrSearchInteractor.swift */ = {isa = PBXFileReference; lastKnownFileType = sourcecode.swift; path = FlickrSearchInteractor.swift; sourceTree = "<group>"; };
		56290FE8215E6B6100FB34C6 /* FlickrSearchProtocols.swift */ = {isa = PBXFileReference; lastKnownFileType = sourcecode.swift; path = FlickrSearchProtocols.swift; sourceTree = "<group>"; };
		56290FEA215E6B7D00FB34C6 /* FlickrSearchModuleBuilder.swift */ = {isa = PBXFileReference; lastKnownFileType = sourcecode.swift; path = FlickrSearchModuleBuilder.swift; sourceTree = "<group>"; };
		56290FEC215E6F2600FB34C6 /* AppCoordinator.swift */ = {isa = PBXFileReference; lastKnownFileType = sourcecode.swift; path = AppCoordinator.swift; sourceTree = "<group>"; };
		56290FF0215E8EE300FB34C6 /* FlickrSearchDataSource.swift */ = {isa = PBXFileReference; lastKnownFileType = sourcecode.swift; path = FlickrSearchDataSource.swift; sourceTree = "<group>"; };
		564BD76D2163A4A9004DCFF1 /* FlickrImageCell.swift */ = {isa = PBXFileReference; lastKnownFileType = sourcecode.swift; path = FlickrImageCell.swift; sourceTree = "<group>"; };
		564BD7702163AE07004DCFF1 /* UIView+Extensions.swift */ = {isa = PBXFileReference; lastKnownFileType = sourcecode.swift; path = "UIView+Extensions.swift"; sourceTree = "<group>"; };
		564BD7722163BCE6004DCFF1 /* Constants.swift */ = {isa = PBXFileReference; lastKnownFileType = sourcecode.swift; path = Constants.swift; sourceTree = "<group>"; };
		564BD7742163CA84004DCFF1 /* NetworkAPIClient.swift */ = {isa = PBXFileReference; lastKnownFileType = sourcecode.swift; path = NetworkAPIClient.swift; sourceTree = "<group>"; };
		564BD7762163CABA004DCFF1 /* NetworkError.swift */ = {isa = PBXFileReference; lastKnownFileType = sourcecode.swift; path = NetworkError.swift; sourceTree = "<group>"; };
		564BD7782163CAF7004DCFF1 /* APIEndPoint.swift */ = {isa = PBXFileReference; lastKnownFileType = sourcecode.swift; path = APIEndPoint.swift; sourceTree = "<group>"; };
		564BD77A2163CB25004DCFF1 /* FlickrSearchAPI.swift */ = {isa = PBXFileReference; lastKnownFileType = sourcecode.swift; path = FlickrSearchAPI.swift; sourceTree = "<group>"; };
		564BD77C2163CB95004DCFF1 /* URLRequestConvertible.swift */ = {isa = PBXFileReference; lastKnownFileType = sourcecode.swift; path = URLRequestConvertible.swift; sourceTree = "<group>"; };
		564BD77E21646E47004DCFF1 /* FlickrPhotos.swift */ = {isa = PBXFileReference; lastKnownFileType = sourcecode.swift; path = FlickrPhotos.swift; sourceTree = "<group>"; };
		564BD78021646E66004DCFF1 /* FlickrPhoto.swift */ = {isa = PBXFileReference; lastKnownFileType = sourcecode.swift; path = FlickrPhoto.swift; sourceTree = "<group>"; };
		564BD78221646F8A004DCFF1 /* FlickrSearchViewModel.swift */ = {isa = PBXFileReference; lastKnownFileType = sourcecode.swift; path = FlickrSearchViewModel.swift; sourceTree = "<group>"; };
		564E18082165AE0C000DD4F4 /* UIViewController+Extensions.swift */ = {isa = PBXFileReference; lastKnownFileType = sourcecode.swift; path = "UIViewController+Extensions.swift"; sourceTree = "<group>"; };
		564E180B2165E30A000DD4F4 /* ImageDownloader.swift */ = {isa = PBXFileReference; lastKnownFileType = sourcecode.swift; path = ImageDownloader.swift; sourceTree = "<group>"; };
		564E180D21674C23000DD4F4 /* ImageOperation.swift */ = {isa = PBXFileReference; lastKnownFileType = sourcecode.swift; path = ImageOperation.swift; sourceTree = "<group>"; };
/* End PBXFileReference section */

/* Begin PBXFrameworksBuildPhase section */
		56290FA6215E62F300FB34C6 /* Frameworks */ = {
			isa = PBXFrameworksBuildPhase;
			buildActionMask = 2147483647;
			files = (
			);
			runOnlyForDeploymentPostprocessing = 0;
		};
		56290FBA215E62F600FB34C6 /* Frameworks */ = {
			isa = PBXFrameworksBuildPhase;
			buildActionMask = 2147483647;
			files = (
			);
			runOnlyForDeploymentPostprocessing = 0;
		};
		56290FC5215E62F600FB34C6 /* Frameworks */ = {
			isa = PBXFrameworksBuildPhase;
			buildActionMask = 2147483647;
			files = (
			);
			runOnlyForDeploymentPostprocessing = 0;
		};
/* End PBXFrameworksBuildPhase section */

/* Begin PBXGroup section */
		56290FA0215E62F300FB34C6 = {
			isa = PBXGroup;
			children = (
				56290FAB215E62F300FB34C6 /* FlickrSearchApp */,
				56290FC0215E62F600FB34C6 /* FlickrSearchAppTests */,
				56290FCB215E62F600FB34C6 /* FlickrSearchAppUITests */,
				56290FAA215E62F300FB34C6 /* Products */,
			);
			sourceTree = "<group>";
		};
		56290FAA215E62F300FB34C6 /* Products */ = {
			isa = PBXGroup;
			children = (
				56290FA9215E62F300FB34C6 /* FlickrSearchApp.app */,
				56290FBD215E62F600FB34C6 /* FlickrSearchAppTests.xctest */,
				56290FC8215E62F600FB34C6 /* FlickrSearchAppUITests.xctest */,
			);
			name = Products;
			sourceTree = "<group>";
		};
		56290FAB215E62F300FB34C6 /* FlickrSearchApp */ = {
			isa = PBXGroup;
			children = (
				564E180A2165E2F5000DD4F4 /* ImageDownloader */,
				564BD76C216353E5004DCFF1 /* Protocols */,
				56290FDA215E68F600FB34C6 /* Application */,
				56290FDC215E690600FB34C6 /* Modules */,
				56290FDB215E68FD00FB34C6 /* Networking */,
				56290FDE215E691800FB34C6 /* Constants */,
				56290FDD215E690F00FB34C6 /* Extensions */,
				56290FDF215E692100FB34C6 /* Resources */,
			);
			path = FlickrSearchApp;
			sourceTree = "<group>";
		};
		56290FC0215E62F600FB34C6 /* FlickrSearchAppTests */ = {
			isa = PBXGroup;
			children = (
				56290FC1215E62F600FB34C6 /* FlickrSearchAppTests.swift */,
				56290FC3215E62F600FB34C6 /* Info.plist */,
			);
			path = FlickrSearchAppTests;
			sourceTree = "<group>";
		};
		56290FCB215E62F600FB34C6 /* FlickrSearchAppUITests */ = {
			isa = PBXGroup;
			children = (
				56290FCC215E62F600FB34C6 /* FlickrSearchAppUITests.swift */,
				56290FCE215E62F600FB34C6 /* Info.plist */,
			);
			path = FlickrSearchAppUITests;
			sourceTree = "<group>";
		};
		56290FDA215E68F600FB34C6 /* Application */ = {
			isa = PBXGroup;
			children = (
				56290FAC215E62F300FB34C6 /* AppDelegate.swift */,
				56290FEC215E6F2600FB34C6 /* AppCoordinator.swift */,
			);
			path = Application;
			sourceTree = "<group>";
		};
		56290FDB215E68FD00FB34C6 /* Networking */ = {
			isa = PBXGroup;
			children = (
				564BD7742163CA84004DCFF1 /* NetworkAPIClient.swift */,
				564BD7762163CABA004DCFF1 /* NetworkError.swift */,
				564BD7782163CAF7004DCFF1 /* APIEndPoint.swift */,
				564BD77A2163CB25004DCFF1 /* FlickrSearchAPI.swift */,
				564BD77C2163CB95004DCFF1 /* URLRequestConvertible.swift */,
			);
			path = Networking;
			sourceTree = "<group>";
		};
		56290FDC215E690600FB34C6 /* Modules */ = {
			isa = PBXGroup;
			children = (
				56290FE0215E695800FB34C6 /* FllickrSearch */,
			);
			path = Modules;
			sourceTree = "<group>";
		};
		56290FDD215E690F00FB34C6 /* Extensions */ = {
			isa = PBXGroup;
			children = (
				564BD7702163AE07004DCFF1 /* UIView+Extensions.swift */,
				564E18082165AE0C000DD4F4 /* UIViewController+Extensions.swift */,
			);
			path = Extensions;
			sourceTree = "<group>";
		};
		56290FDE215E691800FB34C6 /* Constants */ = {
			isa = PBXGroup;
			children = (
				564BD7722163BCE6004DCFF1 /* Constants.swift */,
			);
			path = Constants;
			sourceTree = "<group>";
		};
		56290FDF215E692100FB34C6 /* Resources */ = {
			isa = PBXGroup;
			children = (
				56290FB3215E62F600FB34C6 /* Assets.xcassets */,
				56290FB5215E62F600FB34C6 /* LaunchScreen.storyboard */,
				56290FB8215E62F600FB34C6 /* Info.plist */,
			);
			path = Resources;
			sourceTree = "<group>";
		};
		56290FE0215E695800FB34C6 /* FllickrSearch */ = {
			isa = PBXGroup;
			children = (
				564BD76F2163A4C1004DCFF1 /* Protocols */,
				564BD767216352B0004DCFF1 /* View */,
				564BD768216352B6004DCFF1 /* Presenter */,
				564BD769216352BC004DCFF1 /* Interactor */,
				564BD76B216352E5004DCFF1 /* Entity */,
				564BD76A216352D5004DCFF1 /* Builder */,
			);
			path = FllickrSearch;
			sourceTree = "<group>";
		};
		564BD767216352B0004DCFF1 /* View */ = {
			isa = PBXGroup;
			children = (
				56290FF0215E8EE300FB34C6 /* FlickrSearchDataSource.swift */,
				56290FE2215E6B2800FB34C6 /* FlickrSearchViewController.swift */,
				564BD76D2163A4A9004DCFF1 /* FlickrImageCell.swift */,
			);
			path = View;
			sourceTree = "<group>";
		};
		564BD768216352B6004DCFF1 /* Presenter */ = {
			isa = PBXGroup;
			children = (
				56290FE4215E6B3D00FB34C6 /* FlickrSearchPresenter.swift */,
				564BD78221646F8A004DCFF1 /* FlickrSearchViewModel.swift */,
			);
			path = Presenter;
			sourceTree = "<group>";
		};
		564BD769216352BC004DCFF1 /* Interactor */ = {
			isa = PBXGroup;
			children = (
				56290FE6215E6B5100FB34C6 /* FlickrSearchInteractor.swift */,
			);
			path = Interactor;
			sourceTree = "<group>";
		};
		564BD76A216352D5004DCFF1 /* Builder */ = {
			isa = PBXGroup;
			children = (
				56290FEA215E6B7D00FB34C6 /* FlickrSearchModuleBuilder.swift */,
			);
			path = Builder;
			sourceTree = "<group>";
		};
		564BD76B216352E5004DCFF1 /* Entity */ = {
			isa = PBXGroup;
			children = (
				564BD77E21646E47004DCFF1 /* FlickrPhotos.swift */,
				564BD78021646E66004DCFF1 /* FlickrPhoto.swift */,
			);
			path = Entity;
			sourceTree = "<group>";
		};
		564BD76C216353E5004DCFF1 /* Protocols */ = {
			isa = PBXGroup;
			children = (
			);
			path = Protocols;
			sourceTree = "<group>";
		};
		564BD76F2163A4C1004DCFF1 /* Protocols */ = {
			isa = PBXGroup;
			children = (
				56290FE8215E6B6100FB34C6 /* FlickrSearchProtocols.swift */,
			);
			path = Protocols;
			sourceTree = "<group>";
		};
		564E180A2165E2F5000DD4F4 /* ImageDownloader */ = {
			isa = PBXGroup;
			children = (
				564E180B2165E30A000DD4F4 /* ImageDownloader.swift */,
				564E180D21674C23000DD4F4 /* ImageOperation.swift */,
			);
			path = ImageDownloader;
			sourceTree = "<group>";
		};
/* End PBXGroup section */

/* Begin PBXNativeTarget section */
		56290FA8215E62F300FB34C6 /* FlickrSearchApp */ = {
			isa = PBXNativeTarget;
			buildConfigurationList = 56290FD1215E62F600FB34C6 /* Build configuration list for PBXNativeTarget "FlickrSearchApp" */;
			buildPhases = (
				56290FA5215E62F300FB34C6 /* Sources */,
				56290FA6215E62F300FB34C6 /* Frameworks */,
				56290FA7215E62F300FB34C6 /* Resources */,
			);
			buildRules = (
			);
			dependencies = (
			);
			name = FlickrSearchApp;
			productName = FlickrSearchApp;
			productReference = 56290FA9215E62F300FB34C6 /* FlickrSearchApp.app */;
			productType = "com.apple.product-type.application";
		};
		56290FBC215E62F600FB34C6 /* FlickrSearchAppTests */ = {
			isa = PBXNativeTarget;
			buildConfigurationList = 56290FD4215E62F600FB34C6 /* Build configuration list for PBXNativeTarget "FlickrSearchAppTests" */;
			buildPhases = (
				56290FB9215E62F600FB34C6 /* Sources */,
				56290FBA215E62F600FB34C6 /* Frameworks */,
				56290FBB215E62F600FB34C6 /* Resources */,
			);
			buildRules = (
			);
			dependencies = (
				56290FBF215E62F600FB34C6 /* PBXTargetDependency */,
			);
			name = FlickrSearchAppTests;
			productName = FlickrSearchAppTests;
			productReference = 56290FBD215E62F600FB34C6 /* FlickrSearchAppTests.xctest */;
			productType = "com.apple.product-type.bundle.unit-test";
		};
		56290FC7215E62F600FB34C6 /* FlickrSearchAppUITests */ = {
			isa = PBXNativeTarget;
			buildConfigurationList = 56290FD7215E62F600FB34C6 /* Build configuration list for PBXNativeTarget "FlickrSearchAppUITests" */;
			buildPhases = (
				56290FC4215E62F600FB34C6 /* Sources */,
				56290FC5215E62F600FB34C6 /* Frameworks */,
				56290FC6215E62F600FB34C6 /* Resources */,
			);
			buildRules = (
			);
			dependencies = (
				56290FCA215E62F600FB34C6 /* PBXTargetDependency */,
			);
			name = FlickrSearchAppUITests;
			productName = FlickrSearchAppUITests;
			productReference = 56290FC8215E62F600FB34C6 /* FlickrSearchAppUITests.xctest */;
			productType = "com.apple.product-type.bundle.ui-testing";
		};
/* End PBXNativeTarget section */

/* Begin PBXProject section */
		56290FA1215E62F300FB34C6 /* Project object */ = {
			isa = PBXProject;
			attributes = {
				LastSwiftUpdateCheck = 1000;
				LastUpgradeCheck = 1000;
				ORGANIZATIONNAME = "Suhit Patil";
				TargetAttributes = {
					56290FA8215E62F300FB34C6 = {
						CreatedOnToolsVersion = 10.0;
					};
					56290FBC215E62F600FB34C6 = {
						CreatedOnToolsVersion = 10.0;
						TestTargetID = 56290FA8215E62F300FB34C6;
					};
					56290FC7215E62F600FB34C6 = {
						CreatedOnToolsVersion = 10.0;
						TestTargetID = 56290FA8215E62F300FB34C6;
					};
				};
			};
			buildConfigurationList = 56290FA4215E62F300FB34C6 /* Build configuration list for PBXProject "FlickrSearchApp" */;
			compatibilityVersion = "Xcode 9.3";
			developmentRegion = en;
			hasScannedForEncodings = 0;
			knownRegions = (
				en,
				Base,
			);
			mainGroup = 56290FA0215E62F300FB34C6;
			productRefGroup = 56290FAA215E62F300FB34C6 /* Products */;
			projectDirPath = "";
			projectRoot = "";
			targets = (
				56290FA8215E62F300FB34C6 /* FlickrSearchApp */,
				56290FBC215E62F600FB34C6 /* FlickrSearchAppTests */,
				56290FC7215E62F600FB34C6 /* FlickrSearchAppUITests */,
			);
		};
/* End PBXProject section */

/* Begin PBXResourcesBuildPhase section */
		56290FA7215E62F300FB34C6 /* Resources */ = {
			isa = PBXResourcesBuildPhase;
			buildActionMask = 2147483647;
			files = (
				56290FB7215E62F600FB34C6 /* LaunchScreen.storyboard in Resources */,
				56290FB4215E62F600FB34C6 /* Assets.xcassets in Resources */,
			);
			runOnlyForDeploymentPostprocessing = 0;
		};
		56290FBB215E62F600FB34C6 /* Resources */ = {
			isa = PBXResourcesBuildPhase;
			buildActionMask = 2147483647;
			files = (
			);
			runOnlyForDeploymentPostprocessing = 0;
		};
		56290FC6215E62F600FB34C6 /* Resources */ = {
			isa = PBXResourcesBuildPhase;
			buildActionMask = 2147483647;
			files = (
			);
			runOnlyForDeploymentPostprocessing = 0;
		};
/* End PBXResourcesBuildPhase section */

/* Begin PBXSourcesBuildPhase section */
		56290FA5215E62F300FB34C6 /* Sources */ = {
			isa = PBXSourcesBuildPhase;
			buildActionMask = 2147483647;
			files = (
				564BD7752163CA84004DCFF1 /* NetworkAPIClient.swift in Sources */,
				56290FEB215E6B7D00FB34C6 /* FlickrSearchModuleBuilder.swift in Sources */,
				564BD7732163BCE6004DCFF1 /* Constants.swift in Sources */,
				56290FE9215E6B6100FB34C6 /* FlickrSearchProtocols.swift in Sources */,
				564BD7712163AE08004DCFF1 /* UIView+Extensions.swift in Sources */,
				564BD77B2163CB25004DCFF1 /* FlickrSearchAPI.swift in Sources */,
				564BD76E2163A4A9004DCFF1 /* FlickrImageCell.swift in Sources */,
				564BD78321646F8A004DCFF1 /* FlickrSearchViewModel.swift in Sources */,
				56290FE3215E6B2800FB34C6 /* FlickrSearchViewController.swift in Sources */,
				564BD77F21646E47004DCFF1 /* FlickrPhotos.swift in Sources */,
				56290FF1215E8EE300FB34C6 /* FlickrSearchDataSource.swift in Sources */,
				56290FAD215E62F300FB34C6 /* AppDelegate.swift in Sources */,
				564E18092165AE0C000DD4F4 /* UIViewController+Extensions.swift in Sources */,
				56290FED215E6F2600FB34C6 /* AppCoordinator.swift in Sources */,
				564BD7772163CABA004DCFF1 /* NetworkError.swift in Sources */,
				564BD78121646E66004DCFF1 /* FlickrPhoto.swift in Sources */,
				564E180C2165E30A000DD4F4 /* ImageDownloader.swift in Sources */,
				56290FE5215E6B3D00FB34C6 /* FlickrSearchPresenter.swift in Sources */,
				56290FE7215E6B5100FB34C6 /* FlickrSearchInteractor.swift in Sources */,
				564E180E21674C23000DD4F4 /* ImageOperation.swift in Sources */,
				564BD7792163CAF7004DCFF1 /* APIEndPoint.swift in Sources */,
				564BD77D2163CB95004DCFF1 /* URLRequestConvertible.swift in Sources */,
			);
			runOnlyForDeploymentPostprocessing = 0;
		};
		56290FB9215E62F600FB34C6 /* Sources */ = {
			isa = PBXSourcesBuildPhase;
			buildActionMask = 2147483647;
			files = (
				56290FC2215E62F600FB34C6 /* FlickrSearchAppTests.swift in Sources */,
			);
			runOnlyForDeploymentPostprocessing = 0;
		};
		56290FC4215E62F600FB34C6 /* Sources */ = {
			isa = PBXSourcesBuildPhase;
			buildActionMask = 2147483647;
			files = (
				56290FCD215E62F600FB34C6 /* FlickrSearchAppUITests.swift in Sources */,
			);
			runOnlyForDeploymentPostprocessing = 0;
		};
/* End PBXSourcesBuildPhase section */

/* Begin PBXTargetDependency section */
		56290FBF215E62F600FB34C6 /* PBXTargetDependency */ = {
			isa = PBXTargetDependency;
			target = 56290FA8215E62F300FB34C6 /* FlickrSearchApp */;
			targetProxy = 56290FBE215E62F600FB34C6 /* PBXContainerItemProxy */;
		};
		56290FCA215E62F600FB34C6 /* PBXTargetDependency */ = {
			isa = PBXTargetDependency;
			target = 56290FA8215E62F300FB34C6 /* FlickrSearchApp */;
			targetProxy = 56290FC9215E62F600FB34C6 /* PBXContainerItemProxy */;
		};
/* End PBXTargetDependency section */

/* Begin PBXVariantGroup section */
		56290FB5215E62F600FB34C6 /* LaunchScreen.storyboard */ = {
			isa = PBXVariantGroup;
			children = (
				56290FB6215E62F600FB34C6 /* Base */,
			);
			name = LaunchScreen.storyboard;
			sourceTree = "<group>";
		};
/* End PBXVariantGroup section */

/* Begin XCBuildConfiguration section */
		56290FCF215E62F600FB34C6 /* Debug */ = {
			isa = XCBuildConfiguration;
			buildSettings = {
				ALWAYS_SEARCH_USER_PATHS = NO;
				CLANG_ANALYZER_NONNULL = YES;
				CLANG_ANALYZER_NUMBER_OBJECT_CONVERSION = YES_AGGRESSIVE;
				CLANG_CXX_LANGUAGE_STANDARD = "gnu++14";
				CLANG_CXX_LIBRARY = "libc++";
				CLANG_ENABLE_MODULES = YES;
				CLANG_ENABLE_OBJC_ARC = YES;
				CLANG_ENABLE_OBJC_WEAK = YES;
				CLANG_WARN_BLOCK_CAPTURE_AUTORELEASING = YES;
				CLANG_WARN_BOOL_CONVERSION = YES;
				CLANG_WARN_COMMA = YES;
				CLANG_WARN_CONSTANT_CONVERSION = YES;
				CLANG_WARN_DEPRECATED_OBJC_IMPLEMENTATIONS = YES;
				CLANG_WARN_DIRECT_OBJC_ISA_USAGE = YES_ERROR;
				CLANG_WARN_DOCUMENTATION_COMMENTS = YES;
				CLANG_WARN_EMPTY_BODY = YES;
				CLANG_WARN_ENUM_CONVERSION = YES;
				CLANG_WARN_INFINITE_RECURSION = YES;
				CLANG_WARN_INT_CONVERSION = YES;
				CLANG_WARN_NON_LITERAL_NULL_CONVERSION = YES;
				CLANG_WARN_OBJC_IMPLICIT_RETAIN_SELF = YES;
				CLANG_WARN_OBJC_LITERAL_CONVERSION = YES;
				CLANG_WARN_OBJC_ROOT_CLASS = YES_ERROR;
				CLANG_WARN_RANGE_LOOP_ANALYSIS = YES;
				CLANG_WARN_STRICT_PROTOTYPES = YES;
				CLANG_WARN_SUSPICIOUS_MOVE = YES;
				CLANG_WARN_UNGUARDED_AVAILABILITY = YES_AGGRESSIVE;
				CLANG_WARN_UNREACHABLE_CODE = YES;
				CLANG_WARN__DUPLICATE_METHOD_MATCH = YES;
				CODE_SIGN_IDENTITY = "iPhone Developer";
				COPY_PHASE_STRIP = NO;
				DEBUG_INFORMATION_FORMAT = dwarf;
				ENABLE_STRICT_OBJC_MSGSEND = YES;
				ENABLE_TESTABILITY = YES;
				GCC_C_LANGUAGE_STANDARD = gnu11;
				GCC_DYNAMIC_NO_PIC = NO;
				GCC_NO_COMMON_BLOCKS = YES;
				GCC_OPTIMIZATION_LEVEL = 0;
				GCC_PREPROCESSOR_DEFINITIONS = (
					"DEBUG=1",
					"$(inherited)",
				);
				GCC_WARN_64_TO_32_BIT_CONVERSION = YES;
				GCC_WARN_ABOUT_RETURN_TYPE = YES_ERROR;
				GCC_WARN_UNDECLARED_SELECTOR = YES;
				GCC_WARN_UNINITIALIZED_AUTOS = YES_AGGRESSIVE;
				GCC_WARN_UNUSED_FUNCTION = YES;
				GCC_WARN_UNUSED_VARIABLE = YES;
				IPHONEOS_DEPLOYMENT_TARGET = 12.0;
				MTL_ENABLE_DEBUG_INFO = INCLUDE_SOURCE;
				MTL_FAST_MATH = YES;
				ONLY_ACTIVE_ARCH = YES;
				SDKROOT = iphoneos;
				SWIFT_ACTIVE_COMPILATION_CONDITIONS = DEBUG;
				SWIFT_OPTIMIZATION_LEVEL = "-Onone";
			};
			name = Debug;
		};
		56290FD0215E62F600FB34C6 /* Release */ = {
			isa = XCBuildConfiguration;
			buildSettings = {
				ALWAYS_SEARCH_USER_PATHS = NO;
				CLANG_ANALYZER_NONNULL = YES;
				CLANG_ANALYZER_NUMBER_OBJECT_CONVERSION = YES_AGGRESSIVE;
				CLANG_CXX_LANGUAGE_STANDARD = "gnu++14";
				CLANG_CXX_LIBRARY = "libc++";
				CLANG_ENABLE_MODULES = YES;
				CLANG_ENABLE_OBJC_ARC = YES;
				CLANG_ENABLE_OBJC_WEAK = YES;
				CLANG_WARN_BLOCK_CAPTURE_AUTORELEASING = YES;
				CLANG_WARN_BOOL_CONVERSION = YES;
				CLANG_WARN_COMMA = YES;
				CLANG_WARN_CONSTANT_CONVERSION = YES;
				CLANG_WARN_DEPRECATED_OBJC_IMPLEMENTATIONS = YES;
				CLANG_WARN_DIRECT_OBJC_ISA_USAGE = YES_ERROR;
				CLANG_WARN_DOCUMENTATION_COMMENTS = YES;
				CLANG_WARN_EMPTY_BODY = YES;
				CLANG_WARN_ENUM_CONVERSION = YES;
				CLANG_WARN_INFINITE_RECURSION = YES;
				CLANG_WARN_INT_CONVERSION = YES;
				CLANG_WARN_NON_LITERAL_NULL_CONVERSION = YES;
				CLANG_WARN_OBJC_IMPLICIT_RETAIN_SELF = YES;
				CLANG_WARN_OBJC_LITERAL_CONVERSION = YES;
				CLANG_WARN_OBJC_ROOT_CLASS = YES_ERROR;
				CLANG_WARN_RANGE_LOOP_ANALYSIS = YES;
				CLANG_WARN_STRICT_PROTOTYPES = YES;
				CLANG_WARN_SUSPICIOUS_MOVE = YES;
				CLANG_WARN_UNGUARDED_AVAILABILITY = YES_AGGRESSIVE;
				CLANG_WARN_UNREACHABLE_CODE = YES;
				CLANG_WARN__DUPLICATE_METHOD_MATCH = YES;
				CODE_SIGN_IDENTITY = "iPhone Developer";
				COPY_PHASE_STRIP = NO;
				DEBUG_INFORMATION_FORMAT = "dwarf-with-dsym";
				ENABLE_NS_ASSERTIONS = NO;
				ENABLE_STRICT_OBJC_MSGSEND = YES;
				GCC_C_LANGUAGE_STANDARD = gnu11;
				GCC_NO_COMMON_BLOCKS = YES;
				GCC_WARN_64_TO_32_BIT_CONVERSION = YES;
				GCC_WARN_ABOUT_RETURN_TYPE = YES_ERROR;
				GCC_WARN_UNDECLARED_SELECTOR = YES;
				GCC_WARN_UNINITIALIZED_AUTOS = YES_AGGRESSIVE;
				GCC_WARN_UNUSED_FUNCTION = YES;
				GCC_WARN_UNUSED_VARIABLE = YES;
				IPHONEOS_DEPLOYMENT_TARGET = 12.0;
				MTL_ENABLE_DEBUG_INFO = NO;
				MTL_FAST_MATH = YES;
				SDKROOT = iphoneos;
				SWIFT_COMPILATION_MODE = wholemodule;
				SWIFT_OPTIMIZATION_LEVEL = "-O";
				VALIDATE_PRODUCT = YES;
			};
			name = Release;
		};
		56290FD2215E62F600FB34C6 /* Debug */ = {
			isa = XCBuildConfiguration;
			buildSettings = {
				ASSETCATALOG_COMPILER_APPICON_NAME = AppIcon;
				CODE_SIGN_STYLE = Automatic;
				DEVELOPMENT_TEAM = MHFE84M79V;
				INFOPLIST_FILE = "$(SRCROOT)/FlickrSearchAppUITests/Info.plist";
				IPHONEOS_DEPLOYMENT_TARGET = 10.0;
				LD_RUNPATH_SEARCH_PATHS = (
					"$(inherited)",
					"@executable_path/Frameworks",
				);
				PRODUCT_BUNDLE_IDENTIFIER = com.suhit.ios.FlickrSearchApp;
				PRODUCT_NAME = "$(TARGET_NAME)";
				SWIFT_VERSION = 4.2;
				TARGETED_DEVICE_FAMILY = "1,2";
			};
			name = Debug;
		};
		56290FD3215E62F600FB34C6 /* Release */ = {
			isa = XCBuildConfiguration;
			buildSettings = {
				ASSETCATALOG_COMPILER_APPICON_NAME = AppIcon;
				CODE_SIGN_STYLE = Automatic;
				DEVELOPMENT_TEAM = MHFE84M79V;
				INFOPLIST_FILE = "$(SRCROOT)/FlickrSearchAppUITests/Info.plist";
				IPHONEOS_DEPLOYMENT_TARGET = 10.0;
				LD_RUNPATH_SEARCH_PATHS = (
					"$(inherited)",
					"@executable_path/Frameworks",
				);
				PRODUCT_BUNDLE_IDENTIFIER = com.suhit.ios.FlickrSearchApp;
				PRODUCT_NAME = "$(TARGET_NAME)";
				SWIFT_VERSION = 4.2;
				TARGETED_DEVICE_FAMILY = "1,2";
			};
			name = Release;
		};
		56290FD5215E62F600FB34C6 /* Debug */ = {
			isa = XCBuildConfiguration;
			buildSettings = {
				ALWAYS_EMBED_SWIFT_STANDARD_LIBRARIES = YES;
				BUNDLE_LOADER = "$(TEST_HOST)";
				CODE_SIGN_STYLE = Automatic;
				DEVELOPMENT_TEAM = MHFE84M79V;
				INFOPLIST_FILE = FlickrSearchAppTests/Info.plist;
				LD_RUNPATH_SEARCH_PATHS = (
					"$(inherited)",
					"@executable_path/Frameworks",
					"@loader_path/Frameworks",
				);
				PRODUCT_BUNDLE_IDENTIFIER = com.suhit.ios.FlickrSearchAppTests;
				PRODUCT_NAME = "$(TARGET_NAME)";
				SWIFT_VERSION = 4.2;
				TARGETED_DEVICE_FAMILY = "1,2";
				TEST_HOST = "$(BUILT_PRODUCTS_DIR)/FlickrSearchApp.app/FlickrSearchApp";
			};
			name = Debug;
		};
		56290FD6215E62F600FB34C6 /* Release */ = {
			isa = XCBuildConfiguration;
			buildSettings = {
				ALWAYS_EMBED_SWIFT_STANDARD_LIBRARIES = YES;
				BUNDLE_LOADER = "$(TEST_HOST)";
				CODE_SIGN_STYLE = Automatic;
				DEVELOPMENT_TEAM = MHFE84M79V;
				INFOPLIST_FILE = FlickrSearchAppTests/Info.plist;
				LD_RUNPATH_SEARCH_PATHS = (
					"$(inherited)",
					"@executable_path/Frameworks",
					"@loader_path/Frameworks",
				);
				PRODUCT_BUNDLE_IDENTIFIER = com.suhit.ios.FlickrSearchAppTests;
				PRODUCT_NAME = "$(TARGET_NAME)";
				SWIFT_VERSION = 4.2;
				TARGETED_DEVICE_FAMILY = "1,2";
				TEST_HOST = "$(BUILT_PRODUCTS_DIR)/FlickrSearchApp.app/FlickrSearchApp";
			};
			name = Release;
		};
		56290FD8215E62F600FB34C6 /* Debug */ = {
			isa = XCBuildConfiguration;
			buildSettings = {
				ALWAYS_EMBED_SWIFT_STANDARD_LIBRARIES = YES;
				CODE_SIGN_STYLE = Automatic;
				DEVELOPMENT_TEAM = MHFE84M79V;
				INFOPLIST_FILE = FlickrSearchAppUITests/Info.plist;
				LD_RUNPATH_SEARCH_PATHS = (
					"$(inherited)",
					"@executable_path/Frameworks",
					"@loader_path/Frameworks",
				);
				PRODUCT_BUNDLE_IDENTIFIER = com.suhit.ios.FlickrSearchAppUITests;
				PRODUCT_NAME = "$(TARGET_NAME)";
				SWIFT_VERSION = 4.2;
				TARGETED_DEVICE_FAMILY = "1,2";
				TEST_TARGET_NAME = FlickrSearchApp;
			};
			name = Debug;
		};
		56290FD9215E62F600FB34C6 /* Release */ = {
			isa = XCBuildConfiguration;
			buildSettings = {
				ALWAYS_EMBED_SWIFT_STANDARD_LIBRARIES = YES;
				CODE_SIGN_STYLE = Automatic;
				DEVELOPMENT_TEAM = MHFE84M79V;
				INFOPLIST_FILE = FlickrSearchAppUITests/Info.plist;
				LD_RUNPATH_SEARCH_PATHS = (
					"$(inherited)",
					"@executable_path/Frameworks",
					"@loader_path/Frameworks",
				);
				PRODUCT_BUNDLE_IDENTIFIER = com.suhit.ios.FlickrSearchAppUITests;
				PRODUCT_NAME = "$(TARGET_NAME)";
				SWIFT_VERSION = 4.2;
				TARGETED_DEVICE_FAMILY = "1,2";
				TEST_TARGET_NAME = FlickrSearchApp;
			};
			name = Release;
		};
/* End XCBuildConfiguration section */

/* Begin XCConfigurationList section */
		56290FA4215E62F300FB34C6 /* Build configuration list for PBXProject "FlickrSearchApp" */ = {
			isa = XCConfigurationList;
			buildConfigurations = (
				56290FCF215E62F600FB34C6 /* Debug */,
				56290FD0215E62F600FB34C6 /* Release */,
			);
			defaultConfigurationIsVisible = 0;
			defaultConfigurationName = Release;
		};
		56290FD1215E62F600FB34C6 /* Build configuration list for PBXNativeTarget "FlickrSearchApp" */ = {
			isa = XCConfigurationList;
			buildConfigurations = (
				56290FD2215E62F600FB34C6 /* Debug */,
				56290FD3215E62F600FB34C6 /* Release */,
			);
			defaultConfigurationIsVisible = 0;
			defaultConfigurationName = Release;
		};
		56290FD4215E62F600FB34C6 /* Build configuration list for PBXNativeTarget "FlickrSearchAppTests" */ = {
			isa = XCConfigurationList;
			buildConfigurations = (
				56290FD5215E62F600FB34C6 /* Debug */,
				56290FD6215E62F600FB34C6 /* Release */,
			);
			defaultConfigurationIsVisible = 0;
			defaultConfigurationName = Release;
		};
		56290FD7215E62F600FB34C6 /* Build configuration list for PBXNativeTarget "FlickrSearchAppUITests" */ = {
			isa = XCConfigurationList;
			buildConfigurations = (
				56290FD8215E62F600FB34C6 /* Debug */,
				56290FD9215E62F600FB34C6 /* Release */,
			);
			defaultConfigurationIsVisible = 0;
			defaultConfigurationName = Release;
		};
/* End XCConfigurationList section */
	};
	rootObject = 56290FA1215E62F300FB34C6 /* Project object */;
}
